{
  "version": 1,
  "dependencies": {
    "net10.0": {
      "App.Metrics": {
        "type": "Direct",
        "requested": "[4.3.0, )",
        "resolved": "4.3.0",
        "contentHash": "D2eDXyfrl+lXigXsQTv/81JCxUPTjgwsazK5neA3NOg87tNmBpFqeVJppI/qLKyC8yklTU2ekZDFX5hKechu6A==",
        "dependencies": {
          "App.Metrics.Core": "4.3.0",
          "App.Metrics.Formatters.Json": "4.3.0"
        }
      },
      "App.Metrics.Reporting.InfluxDB": {
        "type": "Direct",
        "requested": "[4.3.0, )",
        "resolved": "4.3.0",
        "contentHash": "uWKptdl0DlVZqlrP6YzvZko037xHhihNNmANw0FzwyF8VvJIcEBfMmLq1b3A7ljiEAV56V0bm0Rn/H0n9EZ2kw==",
        "dependencies": {
          "App.Metrics.Abstractions": "4.3.0",
          "App.Metrics.Formatters.InfluxDB": "4.3.0"
        }
      },
      "Autofac": {
        "type": "Direct",
        "requested": "[9.3.1, )",
        "resolved": "9.3.1",
        "contentHash": "WCDp+kYLr+r9enkRDt4PYRzj321P/c+8SICxHhWo9gkVNqE9EziiYyUMa7A0ce27SK6qgRWYCK0zp19J2ykVHw=="
      },
      "Autofac.Extensions.DependencyInjection": {
        "type": "Direct",
        "requested": "[11.0.2, )",
        "resolved": "11.0.2",
        "contentHash": "i2wSkhnmhl3pUMOVfV7+bpurjIutz9yp8pilDRzUgPtUcRR+FdV7jZ/JLMPpUvoND2JMduN0prDtlNfkUVjkTw==",
        "dependencies": {
          "Autofac": "9.3.1",
          "Microsoft.Extensions.DependencyInjection.Abstractions": "10.0.9"
        }
      },
      "Dapper": {
        "type": "Direct",
        "requested": "[2.1.79, )",
        "resolved": "2.1.79",
        "contentHash": "8YijbzgTfmqmQOnVNorYM6K++pxqnW3nJ4aC1sRHzxUA2CcuoJ9gsTem3kgBnPRMc38zZHl4Esb6hAezXIEEuw=="
      },
      "Dapper.Contrib": {
        "type": "Direct",
        "requested": "[2.0.78, )",
        "resolved": "2.0.78",
        "contentHash": "sUfDVIf8LlHNiz3MfUFodeyRiemfN1JFkPxYjCxFWlwNPg1iQ49mB+0E89TkywWs4X8fiRWOVDQgtH5FtzK5Kw==",
        "dependencies": {
          "Dapper": "2.0.78"
        }
      },
      "Humanizer.Core": {
        "type": "Direct",
        "requested": "[3.0.10, )",
        "resolved": "3.0.10",
        "contentHash": "yZIhtw8sYuvsONzQbZxWpR60tMWYHXoo0DL6nyOqSFiU5POjBTSEyWFpTQtJEZuy+oqiYTXKXY/Mjx7KnqIQFw=="
      },
      "IPNetwork2": {
        "type": "Direct",
        "requested": "[4.3.0, )",
        "resolved": "4.3.0",
        "contentHash": "OKePsHlxZx6TMy3tL5grQp39hJ2kujpXgotdz+jW8Zfw6UcAvsIWPV+3/ZoE7roo8F54BtXyOJsdUTseAf2grA=="
      },
      "Microsoft.Extensions.Caching.Memory": {
        "type": "Direct",
        "requested": "[10.0.9, )",
        "resolved": "10.0.9",
        "contentHash": "G9mregdatGWMCQWeCw012LDeJVP7G/XIxH8Ddbjc8bD1//dA+8VVQdcRE9jI1moyoJxSSZhHITUnNQ8FUDl5+Q==",
        "dependencies": {
          "Microsoft.Extensions.Caching.Abstractions": "10.0.9",
          "Microsoft.Extensions.DependencyInjection.Abstractions": "10.0.9",
          "Microsoft.Extensions.Logging.Abstractions": "10.0.9",
          "Microsoft.Extensions.Options": "10.0.9",
          "Microsoft.Extensions.Primitives": "10.0.9"
        }
      },
      "Microsoft.Extensions.Configuration": {
        "type": "Direct",
        "requested": "[10.0.10, )",
        "resolved": "10.0.10",
        "contentHash": "plJWK2zpWuuyxI8F8s2scx6Je7N1Ajjs6HvYUGKwRnDMWIVIz9FHwAkiT7ASgrvAOd10T0FPVlh9BzAJJME+jg==",
        "dependencies": {
          "Microsoft.Extensions.Configuration.Abstractions": "10.0.10",
          "Microsoft.Extensions.Primitives": "10.0.10"
        }
      },
      "Microsoft.Extensions.Configuration.Binder": {
        "type": "Direct",
        "requested": "[10.0.9, )",
        "resolved": "10.0.9",
        "contentHash": "Tp/+LPb70RyjjtLg9m5C959eP4KrUpJHThZfAegZVpsfmGvzfuNkuYbI/ft+LvXhMSyUcAeOPaN6rzTccwnZAg==",
        "dependencies": {
          "Microsoft.Extensions.Configuration": "10.0.9",
          "Microsoft.Extensions.Configuration.Abstractions": "10.0.9"
        }
      },
      "Microsoft.Extensions.Configuration.CommandLine": {
        "type": "Direct",
        "requested": "[10.0.9, )",
        "resolved": "10.0.9",
        "contentHash": "8D4HaqxWdm5M/nuhQffjPoR1ekhlpyKTXjFMAT5KlP0dvxkJe5JLAP6MAsuUEUxKWG09Bi5aAUaYMFKrMqWHqA==",
        "dependencies": {
          "Microsoft.Extensions.Configuration": "10.0.9",
          "Microsoft.Extensions.Configuration.Abstractions": "10.0.9"
        }
      },
      "Microsoft.Extensions.Configuration.EnvironmentVariables": {
        "type": "Direct",
        "requested": "[10.0.9, )",
        "resolved": "10.0.9",
        "contentHash": "JhKySWIL8+N4yFt4HPm1rGKCHooze+MBdTdpXc0bd/PGm31TrSUi2m0Nek1y441Wlv/RE6VH0W/DCv2xnmy8FA==",
        "dependencies": {
          "Microsoft.Extensions.Configuration": "10.0.9",
          "Microsoft.Extensions.Configuration.Abstractions": "10.0.9"
        }
      },
      "Microsoft.Extensions.Configuration.Json": {
        "type": "Direct",
        "requested": "[10.0.9, )",
        "resolved": "10.0.9",
        "contentHash": "LiFKJgc9jZEW+7RhcSfsvCwoikt1lDdOqOn+whZC5zVHyg/gExftHl2QPtmfiHsEdDNg+Y+BDr6835tOfj8Y7A==",
        "dependencies": {
          "Microsoft.Extensions.Configuration": "10.0.9",
          "Microsoft.Extensions.Configuration.Abstractions": "10.0.9",
          "Microsoft.Extensions.Configuration.FileExtensions": "10.0.9",
          "Microsoft.Extensions.FileProviders.Abstractions": "10.0.9"
        }
      },
      "Microsoft.Extensions.DependencyInjection": {
        "type": "Direct",
        "requested": "[10.0.0, )",
        "resolved": "10.0.0",
        "contentHash": "f0RBabswJq+gRu5a+hWIobrLWiUYPKMhCD9WO3sYBAdSy3FFH14LMvLVFZc2kPSCimBLxSuitUhsd6tb0TAY6A==",
        "dependencies": {
          "Microsoft.Extensions.DependencyInjection.Abstractions": "10.0.0"
        }
      },
      "Microsoft.Extensions.Logging": {
        "type": "Direct",
        "requested": "[10.0.0, )",
        "resolved": "10.0.0",
        "contentHash": "BStFkd5CcnEtarlcgYDBcFzGYCuuNMzPs02wN3WBsOFoYIEmYoUdAiU+au6opzoqfTYJsMTW00AeqDdnXH2CvA==",
        "dependencies": {
          "Microsoft.Extensions.DependencyInjection": "10.0.0",
          "Microsoft.Extensions.Logging.Abstractions": "10.0.0",
          "Microsoft.Extensions.Options": "10.0.0"
        }
      },
      "Newtonsoft.Json": {
        "type": "Direct",
        "requested": "[13.0.4, )",
        "resolved": "13.0.4",
        "contentHash": "pdgNNMai3zv51W5aq268sujXUyx7SNdE2bj1wZcWjAQrKMFZV260lbqYop1d2GM67JI1huLRwxo9ZqnfF/lC6A=="
      },
      "NodaTime": {
        "type": "Direct",
        "requested": "[3.2.0, )",
        "resolved": "3.2.0",
        "contentHash": "yoRA3jEJn8NM0/rQm78zuDNPA3DonNSZdsorMUj+dltc1D+/Lc5h9YXGqbEEZozMGr37lAoYkcSM/KjTVqD0ow=="
      },
      "NodaTime.Serialization.JsonNet": {
        "type": "Direct",
        "requested": "[3.3.0, )",
        "resolved": "3.3.0",
        "contentHash": "uhBuAjeUp12xkJyDTUDTMoea3FCqjY9jkRzCvtoIcETDXxPPqdCCMM/MlrNUHe4LmbZSQyOXY9JS2vPlgvljWA==",
        "dependencies": {
          "Newtonsoft.Json": "13.0.4",
          "NodaTime": "[3.0.0, 4.0.0)"
        }
      },
      "Npgsql": {
        "type": "Direct",
        "requested": "[9.0.2, )",
        "resolved": "9.0.2",
        "contentHash": "hCbO8box7i/XXiTFqCJ3GoowyLqx3JXxyrbOJ6om7dr+eAknvBNhhUHeJVGAQo44sySZTfdVffp4BrtPeLZOAA==",
        "dependencies": {
          "Microsoft.Extensions.Logging.Abstractions": "8.0.2"
        }
      },
      "Npgsql.NodaTime": {
        "type": "Direct",
        "requested": "[9.0.2, )",
        "resolved": "9.0.2",
        "contentHash": "jURb6VGmmR3pPae2N3HrUixSZ/U5ovqZgg/qo3m5Rq/q0m2fpxbZcsHZo21s5MLa/AfJAx4hcFMY98D4RtLdcg==",
        "dependencies": {
          "NodaTime": "3.2.0",
          "Npgsql": "9.0.2"
        }
      },
      "Serilog": {
        "type": "Direct",
        "requested": "[4.2.0, )",
        "resolved": "4.2.0",
        "contentHash": "gmoWVOvKgbME8TYR+gwMf7osROiWAURterc6Rt2dQyX7wtjZYpqFiA/pY6ztjGQKKV62GGCyOcmtP1UKMHgSmA=="
      },
      "Serilog.Extensions.Logging": {
        "type": "Direct",
        "requested": "[10.0.0, )",
        "resolved": "10.0.0",
        "contentHash": "vx0kABKl2dWbBhhqAfTOk53/i8aV/5VaT3a6il9gn72Wqs2pM7EK2OB6No6xdqK2IaY6Zf9gdjLuK9BVa2rT+Q==",
        "dependencies": {
          "Microsoft.Extensions.Logging": "10.0.0",
          "Serilog": "4.2.0"
        }
      },
      "Serilog.Formatting.Compact": {
        "type": "Direct",
        "requested": "[3.0.0, )",
        "resolved": "3.0.0",
        "contentHash": "wQsv14w9cqlfB5FX2MZpNsTawckN4a8dryuNGbebB/3Nh1pXnROHZov3swtu3Nj5oNG7Ba+xdu7Et/ulAUPanQ==",
        "dependencies": {
          "Serilog": "4.0.0"
        }
      },
      "Serilog.NodaTime": {
        "type": "Direct",
        "requested": "[3.0.0, )",
        "resolved": "3.0.0",
        "contentHash": "F+eeRNlJZK3g9z2+c/v/WZTGHeqmnwOseQ0jMiVnW2XiKRLY9hLBopBRPbmdkhQNYtYpO9PTjcVRMHQ0Z44MmA==",
        "dependencies": {
          "NodaTime": "[3.0.0, 4.0.0)",
          "Serilog": "2.9.0"
        }
      },
      "Serilog.Sinks.Async": {
        "type": "Direct",
        "requested": "[2.1.0, )",
        "resolved": "2.1.0",
        "contentHash": "SnmRknWsSMgyo9wDXeZZCqSp48kkQYy44taSM6vcpxfiRICzSf09oLKEmVr0RCwQnfd8mJQ2WNN6nvhqf0RowQ==",
        "dependencies": {
          "Serilog": "4.1.0"
        }
      },
      "Serilog.Sinks.Console": {
        "type": "Direct",
        "requested": "[6.0.0, )",
        "resolved": "6.0.0",
        "contentHash": "fQGWqVMClCP2yEyTXPIinSr5c+CBGUvBybPxjAGcf7ctDhadFhrQw03Mv8rJ07/wR5PDfFjewf2LimvXCDzpbA==",
        "dependencies": {
          "Serilog": "4.0.0"
        }
      },
      "Serilog.Sinks.Elasticsearch": {
        "type": "Direct",
        "requested": "[10.0.0, )",
        "resolved": "10.0.0",
        "contentHash": "9MzR3UeQ/ZBu21K0gYHry4GFWeHFvizRwXnnDvoYc/ComnIzkrfkMNmiAzcMsyx3pHTVLuQSgHs209jM6opSjQ==",
        "dependencies": {
          "Elasticsearch.Net": "7.17.5",
          "Serilog": "3.1.1",
          "Serilog.Formatting.Compact": "2.0.0",
          "Serilog.Formatting.Elasticsearch": "10.0.0",
          "Serilog.Sinks.File": "5.0.0",
          "Serilog.Sinks.PeriodicBatching": "4.0.0"
        }
      },
      "Serilog.Sinks.File": {
        "type": "Direct",
        "requested": "[6.0.0, )",
        "resolved": "6.0.0",
        "contentHash": "lxjg89Y8gJMmFxVkbZ+qDgjl+T4yC5F7WSLTvA+5q0R04tfKVLRL/EHpYoJ/MEQd2EeCKDuylBIVnAYMotmh2A==",
        "dependencies": {
          "Serilog": "4.0.0"
        }
      },
      "Serilog.Sinks.Seq": {
        "type": "Direct",
        "requested": "[8.0.0, )",
        "resolved": "8.0.0",
        "contentHash": "z5ig56/qzjkX6Fj4U/9m1g8HQaQiYPMZS4Uevtjg1I+WWzoGSf5t/E+6JbMP/jbZYhU63bA5NJN5y0x+qqx2Bw==",
        "dependencies": {
          "Serilog": "4.0.0",
          "Serilog.Sinks.File": "5.0.0"
        }
      },
      "SqlKata": {
        "type": "Direct",
        "requested": "[2.4.0, )",
        "resolved": "2.4.0",
        "contentHash": "vWRZRUL/h7azL1u7hN5TpyakPITgF6CzELjX+wv+NnVaFhL17/LmtIVq087aNMEeNsrrC5uJMcNarmuU7Y8mlg=="
      },
      "SqlKata.Execution": {
        "type": "Direct",
        "requested": "[2.4.0, )",
        "resolved": "2.4.0",
        "contentHash": "Sen4PQZpWitW7p8d9lbNggCVkwoIBSDqo1ZVqY5UjjRzmNJLHmFvATkqYd+ZemaMZnjjMba+a5nMIyS0uWSFeA==",
        "dependencies": {
          "Humanizer.Core": "2.8.26",
          "SqlKata": "2.4.0",
          "dapper": "2.0.123"
        }
      },
      "StackExchange.Redis": {
        "type": "Direct",
        "requested": "[2.8.22, )",
        "resolved": "2.8.22",
        "contentHash": "GRA97f4cHYxBI/fKOfgs3GyKklc5is6YKM2yWbkiCZGR/JKsXIo0sRJSSeJabriJAZkKFthM0rXnULFfSbs0KA==",
        "dependencies": {
          "Microsoft.Extensions.Logging.Abstractions": "6.0.0",
          "Pipelines.Sockets.Unofficial": "2.2.8"
        }
      },
      "App.Metrics.Abstractions": {
        "type": "Transitive",
        "resolved": "4.3.0",
        "contentHash": "ekSlyVgN6foN6rmwVmRGBr0j5ufgRPsO5f7Md2fc3q44vkBNYpjsRLiUQsIXCSVI3NHorkrZh8aL4eRcLkVDGw==",
        "dependencies": {
          "Microsoft.Bcl.AsyncInterfaces": "1.0.0"
        }
      },
      "App.Metrics.Concurrency": {
        "type": "Transitive",
        "resolved": "4.3.0",
        "contentHash": "otryWX9AR7wLPD49glbxvbYc16pnDOEezHsAtf5oVjhAa/fD+fjhI11MOgzBOjFpkH7z2FLl/gtZ0lwSdNxSag=="
      },
      "App.Metrics.Core": {
        "type": "Transitive",
        "resolved": "4.3.0",
        "contentHash": "HhW4n2fF+WBi6ctCpwsYkKCSeLhG5Y17e31kSkdESNAdPvroI9szlzW3WoY20qsB3bCldrGPPnCN6jXI1t3agA==",
        "dependencies": {
          "App.Metrics.Abstractions": "4.3.0",
          "App.Metrics.Concurrency": "4.3.0",
          "App.Metrics.Formatters.Ascii": "4.3.0"
        }
      },
      "App.Metrics.Formatters.Ascii": {
        "type": "Transitive",
        "resolved": "4.3.0",
        "contentHash": "PPacBFRji8wTGv8rs13fPmAVlOit7CAvkdPkZ6aYgtUa75e0v4fYzwqPcLxokCqdQXW96PpKPfC0VZZeDkgljg==",
        "dependencies": {
          "App.Metrics.Abstractions": "4.3.0"
        }
      },
      "App.Metrics.Formatters.InfluxDB": {
        "type": "Transitive",
        "resolved": "4.3.0",
        "contentHash": "p7SOLha8ZZVxuOkbNBwOk8bjhszI6+WVoeKkgE662wm6z3erm7jYkIKFusi9LbNH6rW8FmPiiDeQ1Dvu4oTB4Q==",
        "dependencies": {
          "App.Metrics.Core": "4.3.0"
        }
      },
      "App.Metrics.Formatters.Json": {
        "type": "Transitive",
        "resolved": "4.3.0",
        "contentHash": "H+4Q407Xa5nuBagooMeh5UAuGHWfKZRsinpwr9dtyV+LZbhAS5yheAAMPY1Xs/g0zzI3zJQJDRy7iX0totAcYA==",
        "dependencies": {
          "App.Metrics.Abstractions": "4.3.0"
        }
      },
      "Elasticsearch.Net": {
        "type": "Transitive",
        "resolved": "7.17.5",
        "contentHash": "orChsQi1Ceho/NyIylNOn6y4vuGcsbCfMZnCueNN0fzqYEGQmQdPfcVmsR5+3fwpXTgxCdjTUVmqOwvHpCSB+Q=="
      },
      "Microsoft.Bcl.AsyncInterfaces": {
        "type": "Transitive",
        "resolved": "1.0.0",
        "contentHash": "K63Y4hORbBcKLWH5wnKgzyn7TOfYzevIEwIedQHBIkmkEBA9SCqgvom+XTuE+fAFGvINGkhFItaZ2dvMGdT5iw=="
      },
      "Microsoft.Extensions.Caching.Abstractions": {
        "type": "Transitive",
        "resolved": "10.0.9",
        "contentHash": "5fGxcw2vuYp8s0wio9H1ECiuk4iKSdTIlNuigdLIrkhg+5XAwgFVDB/5Ots3pfN/QhABLYXutA79JFtnUKDSHA==",
        "dependencies": {
          "Microsoft.Extensions.Primitives": "10.0.9"
        }
      },
      "Microsoft.Extensions.Configuration.Abstractions": {
        "type": "Transitive",
        "resolved": "10.0.10",
        "contentHash": "5Vnd2I75DmZCVEjSynIdJ/0EGafgnLQwgR3t2C2/fkjx/nRG+cLwxLLdInoHeCEpkD5K4Ov/g9ZCRYrl4TRsaA==",
        "dependencies": {
          "Microsoft.Extensions.Primitives": "10.0.10"
        }
      },
      "Microsoft.Extensions.Configuration.FileExtensions": {
        "type": "Transitive",
        "resolved": "10.0.9",
        "contentHash": "NgLB9cYnIb0/djSDcnqo4GIGGWooxGmr/gCUe3/CRXcKqLizOFui8MyW4EVkTB/KNJL+oXdMXnD6ZRm3Y+qkrQ==",
        "dependencies": {
          "Microsoft.Extensions.Configuration": "10.0.9",
          "Microsoft.Extensions.Configuration.Abstractions": "10.0.9",
          "Microsoft.Extensions.FileProviders.Abstractions": "10.0.9",
          "Microsoft.Extensions.FileProviders.Physical": "10.0.9",
          "Microsoft.Extensions.Primitives": "10.0.9"
        }
      },
      "Microsoft.Extensions.DependencyInjection.Abstractions": {
        "type": "Transitive",
        "resolved": "10.0.9",
        "contentHash": "g41l/30G3K4B/d/L8kjux0+30e27c8D0FVQ/PFCpbekgfDpj9mnDhieP67EqXWvl1EWNeZh2rpR4F5B/jcDOHA=="
      },
      "Microsoft.Extensions.FileProviders.Abstractions": {
        "type": "Transitive",
        "resolved": "10.0.9",
        "contentHash": "Oxn4vqDk+EwceTMpZxVm7L/UZEAM1qIQlNP1+7tBZckD+P4SKrm/5X4gMTPCTdpnau/xY8Sb4/0d6onomSg4ZA==",
        "dependencies": {
          "Microsoft.Extensions.Primitives": "10.0.9"
        }
      },
      "Microsoft.Extensions.FileProviders.Physical": {
        "type": "Transitive",
        "resolved": "10.0.9",
        "contentHash": "zm8WVod4swgprGrkxkuSILlbXqdDRqF+3y6U0I7jlmj4PMyKN6d8pzXZHUn5lr/gZVULzk/+FeTYlTupt6akpg==",
        "dependencies": {
          "Microsoft.Extensions.FileProviders.Abstractions": "10.0.9",
          "Microsoft.Extensions.FileSystemGlobbing": "10.0.9",
          "Microsoft.Extensions.Primitives": "10.0.9"
        }
      },
      "Microsoft.Extensions.FileSystemGlobbing": {
        "type": "Transitive",
        "resolved": "10.0.9",
        "contentHash": "mvRf9qOH/LslWIee/h+lsElnoUyKotEwoPL31soqScmO/eoxObaTCLCdx2DdqPdRi9LnB+7qKZ49jfyrLZuc+w=="
      },
      "Microsoft.Extensions.Logging.Abstractions": {
        "type": "Transitive",
        "resolved": "10.0.9",
        "contentHash": "9S/DFt4cohlMPpzIxjG6kk0L8MuN2vDm9pbMCulxtJzzk82oJHVLBd8vuQxaPskaYQwKqmFmbannf5eoChgjYg==",
        "dependencies": {
          "Microsoft.Extensions.DependencyInjection.Abstractions": "10.0.9"
        }
      },
      "Microsoft.Extensions.Options": {
        "type": "Transitive",
        "resolved": "10.0.9",
        "contentHash": "hyNdX4c2UwkRkzb9byw0H2DQkRzwBM3mzY2sCM9egwzTyg8dvQJmp5noQHGEaaCORQrNK3DD2gREBsc2DlXS4A==",
        "dependencies": {
          "Microsoft.Extensions.DependencyInjection.Abstractions": "10.0.9",
          "Microsoft.Extensions.Primitives": "10.0.9"
        }
      },
      "Microsoft.Extensions.Primitives": {
        "type": "Transitive",
        "resolved": "10.0.10",
        "contentHash": "5wu/GrYVd8mG2DVUw3vFJzF+O336TyTGg/Kmcgw9bfwYhCoFiV5lR5QeEmKecJyrW4W54nMfD3p3589E8a7czQ=="
      },
      "Pipelines.Sockets.Unofficial": {
        "type": "Transitive",
        "resolved": "2.2.8",
        "contentHash": "zG2FApP5zxSx6OcdJQLbZDk2AVlN2BNQD6MorwIfV6gVj0RRxWPEp2LXAxqDGZqeNV1Zp0BNPcNaey/GXmTdvQ=="
      },
      "Serilog.Formatting.Elasticsearch": {
        "type": "Transitive",
        "resolved": "10.0.0",
        "contentHash": "N9FsqRnl+rQOD2ldJMbEgPySwFDkUB8s6PCj5e92ryektgyZNFze3R2c1nwGOz6jhJ2aIzBIBNDM69CCzdHO0w==",
        "dependencies": {
          "Serilog": "2.12.0"
        }
      },
      "Serilog.Sinks.PeriodicBatching": {
        "type": "Transitive",
        "resolved": "4.0.0",
        "contentHash": "kxg6QLNA1sDVqYEE7/6hCr/Ur3imS+qaoEqriQh07WTU1/b6jknnuVN1rWQpj67JpwAXXTmgI3Js9IGGktgumQ==",
        "dependencies": {
          "Serilog": "3.1.1"
        }
      }
    }
  }
}